
Microsoft Visual Studio Solution File, Format Version 12.00
# Visual Studio 15
VisualStudioVersion = 15.0.27428.2037
MinimumVisualStudioVersion = 10.0.40219.1
Project("{FAE04EC0-301F-11D3-BF4B-00C04F79EFBC}") = "SymulacjaCyfrowa", "SymulacjaCyfrowa.csproj", "{5B1FCDC6-959D-4B5D-B6A3-806692EA5F7C}"
EndProject
Global
	GlobalSection(SolutionConfigurationPlatforms) = preSolution
		Debug|Any CPU = Debug|Any CPU
		Release|Any CPU = Release|Any CPU
	EndGlobalSection
	GlobalSection(ProjectConfigurationPlatforms) = postSolution
		{5B1FCDC6-959D-4B5D-B6A3-806692EA5F7C}.Debug|Any CPU.ActiveCfg = Debug|Any CPU
		{5B1FCDC6-959D-4B5D-B6A3-806692EA5F7C}.Debug|Any CPU.Build.0 = Debug|Any CPU
		{5B1FCDC6-959D-4B5D-B6A3-806692EA5F7C}.Release|Any CPU.ActiveCfg = Release|Any CPU
		{5B1FCDC6-959D-4B5D-B6A3-806692EA5F7C}.Release|Any CPU.Build.0 = Release|Any CPU
	EndGlobalSection
	GlobalSection(SolutionProperties) = preSolution
		HideSolutionNode = FALSE
	EndGlobalSection
	GlobalSection(ExtensibilityGlobals) = postSolution
		SolutionGuid = {2A0F33FA-1F84-4934-8E77-4D0301DD081E}
	EndGlobalSection
EndGlobal
